
Microsoft Visual Studio Solution File, Format Version 12.00
Project("{FAE04EC0-301F-11D3-BF4B-00C04F79EFBC}") = "No1", "No1\No1.csproj", "{EADC0765-32A8-44FA-BEE6-2401844C6F1A}"
EndProject
Project("{FAE04EC0-301F-11D3-BF4B-00C04F79EFBC}") = "No1.Solution", "No1.Solution\No1.Solution.csproj", "{62EC99F9-2040-40D2-BA4B-E6924DD5DD4B}"
EndProject
Project("{FAE04EC0-301F-11D3-BF4B-00C04F79EFBC}") = "No1.Solution.Tests", "No1.Solution.Tests\No1.Solution.Tests.csproj", "{3E2668F4-3210-49B3-8BFF-AF64BD389A9A}"
EndProject
Project("{FAE04EC0-301F-11D3-BF4B-00C04F79EFBC}") = "No2", "No2\No2.csproj", "{F1AC9F82-6479-4841-8A10-4C371871C06B}"
EndProject
Project("{FAE04EC0-301F-11D3-BF4B-00C04F79EFBC}") = "No2.Solution", "No2.Solution\No2.Solution.csproj", "{38C8A049-B958-4F21-AD1C-171A48485969}"
EndProject
Project("{FAE04EC0-301F-11D3-BF4B-00C04F79EFBC}") = "No3", "No3\No3.csproj", "{74F5224B-1EAF-458E-A0EA-09A2F1F5E942}"
EndProject
Project("{FAE04EC0-301F-11D3-BF4B-00C04F79EFBC}") = "No3.Solution", "No3.Solution\No3.Solution.csproj", "{66A19A55-1255-4D20-9540-E34BA88E4089}"
EndProject
Project("{FAE04EC0-301F-11D3-BF4B-00C04F79EFBC}") = "No3.Solution.Tests", "No3.Solution.Tests\No3.Solution.Tests.csproj", "{D55B563D-C638-43A5-8A73-4FBCB0451106}"
EndProject
Project("{FAE04EC0-301F-11D3-BF4B-00C04F79EFBC}") = "No2.Solution.Console", "No2.Solution.Console\No2.Solution.Console.csproj", "{2CC96CE2-9DE0-40E3-8A47-DE2023164421}"
EndProject
Project("{FAE04EC0-301F-11D3-BF4B-00C04F79EFBC}") = "No4", "No4\No4.csproj", "{8D302745-E743-4349-8596-3918D6782274}"
EndProject
Project("{FAE04EC0-301F-11D3-BF4B-00C04F79EFBC}") = "No4.Solution", "No4.Solution\No4.Solution.csproj", "{D568921A-E43A-477A-A9E6-E86AA623192D}"
EndProject
Project("{FAE04EC0-301F-11D3-BF4B-00C04F79EFBC}") = "No4.Solution.Console", "No4.Solution.Console\No4.Solution.Console.csproj", "{9D163649-8B39-448F-A79B-332B3DE19D3C}"
EndProject
Project("{FAE04EC0-301F-11D3-BF4B-00C04F79EFBC}") = "No5.Solution", "No5.Solution\No5.Solution.csproj", "{B462C27A-B50F-4287-8E6D-A9DF60DC8A4F}"
EndProject
Project("{FAE04EC0-301F-11D3-BF4B-00C04F79EFBC}") = "No5", "No5\No5.csproj", "{D67F49AF-3B59-419B-9C6F-ECB398115940}"
EndProject
Project("{FAE04EC0-301F-11D3-BF4B-00C04F79EFBC}") = "No5.Solution.Console", "No5.Solution.Console\No5.Solution.Console.csproj", "{440B6251-A73D-4A40-9AA2-B6136A2E1D41}"
EndProject
Project("{FAE04EC0-301F-11D3-BF4B-00C04F79EFBC}") = "No6", "No6\No6.csproj", "{4124B8FD-2B3D-47BF-848B-2CB0F9C77F14}"
EndProject
Project("{FAE04EC0-301F-11D3-BF4B-00C04F79EFBC}") = "No6.Solution.Tests", "No6.Solution.Tests\No6.Solution.Tests.csproj", "{BC84DA95-A7C1-4997-9F29-433D56C20737}"
EndProject
Project("{FAE04EC0-301F-11D3-BF4B-00C04F79EFBC}") = "No6.Solution", "No6.Solution\No6.Solution.csproj", "{FB6AE9E6-1B59-4E09-A0EE-6DEC9D5F27E6}"
EndProject
Project("{FAE04EC0-301F-11D3-BF4B-00C04F79EFBC}") = "Zzz", "Zzz\Zzz.csproj", "{5466BBFA-118B-4876-8AC8-F0D9FC47916C}"
EndProject
Global
	GlobalSection(SolutionConfigurationPlatforms) = preSolution
		Debug|Any CPU = Debug|Any CPU
		Release|Any CPU = Release|Any CPU
	EndGlobalSection
	GlobalSection(ProjectConfigurationPlatforms) = postSolution
		{EADC0765-32A8-44FA-BEE6-2401844C6F1A}.Debug|Any CPU.ActiveCfg = Debug|Any CPU
		{EADC0765-32A8-44FA-BEE6-2401844C6F1A}.Debug|Any CPU.Build.0 = Debug|Any CPU
		{EADC0765-32A8-44FA-BEE6-2401844C6F1A}.Release|Any CPU.ActiveCfg = Release|Any CPU
		{EADC0765-32A8-44FA-BEE6-2401844C6F1A}.Release|Any CPU.Build.0 = Release|Any CPU
		{62EC99F9-2040-40D2-BA4B-E6924DD5DD4B}.Debug|Any CPU.ActiveCfg = Debug|Any CPU
		{62EC99F9-2040-40D2-BA4B-E6924DD5DD4B}.Debug|Any CPU.Build.0 = Debug|Any CPU
		{62EC99F9-2040-40D2-BA4B-E6924DD5DD4B}.Release|Any CPU.ActiveCfg = Release|Any CPU
		{62EC99F9-2040-40D2-BA4B-E6924DD5DD4B}.Release|Any CPU.Build.0 = Release|Any CPU
		{3E2668F4-3210-49B3-8BFF-AF64BD389A9A}.Debug|Any CPU.ActiveCfg = Debug|Any CPU
		{3E2668F4-3210-49B3-8BFF-AF64BD389A9A}.Debug|Any CPU.Build.0 = Debug|Any CPU
		{3E2668F4-3210-49B3-8BFF-AF64BD389A9A}.Release|Any CPU.ActiveCfg = Release|Any CPU
		{3E2668F4-3210-49B3-8BFF-AF64BD389A9A}.Release|Any CPU.Build.0 = Release|Any CPU
		{F1AC9F82-6479-4841-8A10-4C371871C06B}.Debug|Any CPU.ActiveCfg = Debug|Any CPU
		{F1AC9F82-6479-4841-8A10-4C371871C06B}.Debug|Any CPU.Build.0 = Debug|Any CPU
		{F1AC9F82-6479-4841-8A10-4C371871C06B}.Release|Any CPU.ActiveCfg = Release|Any CPU
		{F1AC9F82-6479-4841-8A10-4C371871C06B}.Release|Any CPU.Build.0 = Release|Any CPU
		{38C8A049-B958-4F21-AD1C-171A48485969}.Debug|Any CPU.ActiveCfg = Debug|Any CPU
		{38C8A049-B958-4F21-AD1C-171A48485969}.Debug|Any CPU.Build.0 = Debug|Any CPU
		{38C8A049-B958-4F21-AD1C-171A48485969}.Release|Any CPU.ActiveCfg = Release|Any CPU
		{38C8A049-B958-4F21-AD1C-171A48485969}.Release|Any CPU.Build.0 = Release|Any CPU
		{74F5224B-1EAF-458E-A0EA-09A2F1F5E942}.Debug|Any CPU.ActiveCfg = Debug|Any CPU
		{74F5224B-1EAF-458E-A0EA-09A2F1F5E942}.Debug|Any CPU.Build.0 = Debug|Any CPU
		{74F5224B-1EAF-458E-A0EA-09A2F1F5E942}.Release|Any CPU.ActiveCfg = Release|Any CPU
		{74F5224B-1EAF-458E-A0EA-09A2F1F5E942}.Release|Any CPU.Build.0 = Release|Any CPU
		{66A19A55-1255-4D20-9540-E34BA88E4089}.Debug|Any CPU.ActiveCfg = Debug|Any CPU
		{66A19A55-1255-4D20-9540-E34BA88E4089}.Debug|Any CPU.Build.0 = Debug|Any CPU
		{66A19A55-1255-4D20-9540-E34BA88E4089}.Release|Any CPU.ActiveCfg = Release|Any CPU
		{66A19A55-1255-4D20-9540-E34BA88E4089}.Release|Any CPU.Build.0 = Release|Any CPU
		{D55B563D-C638-43A5-8A73-4FBCB0451106}.Debug|Any CPU.ActiveCfg = Debug|Any CPU
		{D55B563D-C638-43A5-8A73-4FBCB0451106}.Debug|Any CPU.Build.0 = Debug|Any CPU
		{D55B563D-C638-43A5-8A73-4FBCB0451106}.Release|Any CPU.ActiveCfg = Release|Any CPU
		{D55B563D-C638-43A5-8A73-4FBCB0451106}.Release|Any CPU.Build.0 = Release|Any CPU
		{2CC96CE2-9DE0-40E3-8A47-DE2023164421}.Debug|Any CPU.ActiveCfg = Debug|Any CPU
		{2CC96CE2-9DE0-40E3-8A47-DE2023164421}.Debug|Any CPU.Build.0 = Debug|Any CPU
		{2CC96CE2-9DE0-40E3-8A47-DE2023164421}.Release|Any CPU.ActiveCfg = Release|Any CPU
		{2CC96CE2-9DE0-40E3-8A47-DE2023164421}.Release|Any CPU.Build.0 = Release|Any CPU
		{8D302745-E743-4349-8596-3918D6782274}.Debug|Any CPU.ActiveCfg = Debug|Any CPU
		{8D302745-E743-4349-8596-3918D6782274}.Debug|Any CPU.Build.0 = Debug|Any CPU
		{8D302745-E743-4349-8596-3918D6782274}.Release|Any CPU.ActiveCfg = Release|Any CPU
		{8D302745-E743-4349-8596-3918D6782274}.Release|Any CPU.Build.0 = Release|Any CPU
		{D568921A-E43A-477A-A9E6-E86AA623192D}.Debug|Any CPU.ActiveCfg = Debug|Any CPU
		{D568921A-E43A-477A-A9E6-E86AA623192D}.Debug|Any CPU.Build.0 = Debug|Any CPU
		{D568921A-E43A-477A-A9E6-E86AA623192D}.Release|Any CPU.ActiveCfg = Release|Any CPU
		{D568921A-E43A-477A-A9E6-E86AA623192D}.Release|Any CPU.Build.0 = Release|Any CPU
		{9D163649-8B39-448F-A79B-332B3DE19D3C}.Debug|Any CPU.ActiveCfg = Debug|Any CPU
		{9D163649-8B39-448F-A79B-332B3DE19D3C}.Debug|Any CPU.Build.0 = Debug|Any CPU
		{9D163649-8B39-448F-A79B-332B3DE19D3C}.Release|Any CPU.ActiveCfg = Release|Any CPU
		{9D163649-8B39-448F-A79B-332B3DE19D3C}.Release|Any CPU.Build.0 = Release|Any CPU
		{B462C27A-B50F-4287-8E6D-A9DF60DC8A4F}.Debug|Any CPU.ActiveCfg = Debug|Any CPU
		{B462C27A-B50F-4287-8E6D-A9DF60DC8A4F}.Debug|Any CPU.Build.0 = Debug|Any CPU
		{B462C27A-B50F-4287-8E6D-A9DF60DC8A4F}.Release|Any CPU.ActiveCfg = Release|Any CPU
		{B462C27A-B50F-4287-8E6D-A9DF60DC8A4F}.Release|Any CPU.Build.0 = Release|Any CPU
		{D67F49AF-3B59-419B-9C6F-ECB398115940}.Debug|Any CPU.ActiveCfg = Debug|Any CPU
		{D67F49AF-3B59-419B-9C6F-ECB398115940}.Debug|Any CPU.Build.0 = Debug|Any CPU
		{D67F49AF-3B59-419B-9C6F-ECB398115940}.Release|Any CPU.ActiveCfg = Release|Any CPU
		{D67F49AF-3B59-419B-9C6F-ECB398115940}.Release|Any CPU.Build.0 = Release|Any CPU
		{440B6251-A73D-4A40-9AA2-B6136A2E1D41}.Debug|Any CPU.ActiveCfg = Debug|Any CPU
		{440B6251-A73D-4A40-9AA2-B6136A2E1D41}.Debug|Any CPU.Build.0 = Debug|Any CPU
		{440B6251-A73D-4A40-9AA2-B6136A2E1D41}.Release|Any CPU.ActiveCfg = Release|Any CPU
		{440B6251-A73D-4A40-9AA2-B6136A2E1D41}.Release|Any CPU.Build.0 = Release|Any CPU
		{4124B8FD-2B3D-47BF-848B-2CB0F9C77F14}.Debug|Any CPU.ActiveCfg = Debug|Any CPU
		{4124B8FD-2B3D-47BF-848B-2CB0F9C77F14}.Debug|Any CPU.Build.0 = Debug|Any CPU
		{4124B8FD-2B3D-47BF-848B-2CB0F9C77F14}.Release|Any CPU.ActiveCfg = Release|Any CPU
		{4124B8FD-2B3D-47BF-848B-2CB0F9C77F14}.Release|Any CPU.Build.0 = Release|Any CPU
		{BC84DA95-A7C1-4997-9F29-433D56C20737}.Debug|Any CPU.ActiveCfg = Debug|Any CPU
		{BC84DA95-A7C1-4997-9F29-433D56C20737}.Debug|Any CPU.Build.0 = Debug|Any CPU
		{BC84DA95-A7C1-4997-9F29-433D56C20737}.Release|Any CPU.ActiveCfg = Release|Any CPU
		{BC84DA95-A7C1-4997-9F29-433D56C20737}.Release|Any CPU.Build.0 = Release|Any CPU
		{FB6AE9E6-1B59-4E09-A0EE-6DEC9D5F27E6}.Debug|Any CPU.ActiveCfg = Debug|Any CPU
		{FB6AE9E6-1B59-4E09-A0EE-6DEC9D5F27E6}.Debug|Any CPU.Build.0 = Debug|Any CPU
		{FB6AE9E6-1B59-4E09-A0EE-6DEC9D5F27E6}.Release|Any CPU.ActiveCfg = Release|Any CPU
		{FB6AE9E6-1B59-4E09-A0EE-6DEC9D5F27E6}.Release|Any CPU.Build.0 = Release|Any CPU
		{5466BBFA-118B-4876-8AC8-F0D9FC47916C}.Debug|Any CPU.ActiveCfg = Debug|Any CPU
		{5466BBFA-118B-4876-8AC8-F0D9FC47916C}.Debug|Any CPU.Build.0 = Debug|Any CPU
		{5466BBFA-118B-4876-8AC8-F0D9FC47916C}.Release|Any CPU.ActiveCfg = Release|Any CPU
		{5466BBFA-118B-4876-8AC8-F0D9FC47916C}.Release|Any CPU.Build.0 = Release|Any CPU
	EndGlobalSection
EndGlobal
